<Solution>
  <Project Path="Lesson01_Basics/Lesson01_Basics.csproj" />
  <Project Path="Lesson02_Conditions/Lesson02_Conditions.csproj" Id="78eee915-889f-41e6-8250-50026b64b0f5" />
  <Project Path="Lesson03_Loops/Lesson03_Loops.csproj" Id="fcda417d-5342-4a49-9b4f-3975d3f73259" />
  <Project Path="Lesson04_Arrays/Lesson04_Arrays.csproj" Id="e9932877-3d3b-4e3a-b970-76053d7d1150" />
  <Project Path="Lesson05_Lists/Lesson05_Lists.csproj" Id="89ac904d-3c09-4f40-9cb8-0655f4a165a5" />
  <Project Path="Lesson06_Methods/Lesson06_Methods.csproj" Id="6df3f30b-ced8-48dd-9584-90ff4f90e940" />
  <Project Path="Lesson07_Overloading/Lesson07_Overloading.csproj" Id="7cadc752-7622-4fe2-a5a1-ae29a0d7cfbe" />
  <Project Path="Lesson08_Classes/Lesson08_Classes.csproj" Id="a2129f15-aba4-4331-955a-c2d82c936528" />
  <Project Path="Lesson09_Constructors/Lesson09_Constructors.csproj" Id="67e21287-122f-42e8-a545-c75c936afe7d" />
  <Project Path="Lesson10_Properties/Lesson10_Properties.csproj" Id="03afd124-e7e8-4b26-ad22-30a5ecd24095" />
  <Project Path="Lesson11_Inheritance/Lesson11_Inheritance.csproj" Id="26752f2c-bce7-4af5-be3a-cd077d366731" />
</Solution>
